
Microsoft Visual Studio Solution File, Format Version 12.00
# Visual Studio Version 17
VisualStudioVersion = 17.9.34607.119
MinimumVisualStudioVersion = 10.0.40219.1
Project("{FAE04EC0-301F-11D3-BF4B-00C04F79EFBC}") = "Calculator", "Calculator\Calculator.csproj", "{A72A7E94-47D3-42AF-B1E0-1223E717F45B}"
EndProject
Project("{FAE04EC0-301F-11D3-BF4B-00C04F79EFBC}") = "Calculator.Test", "Calculator.Test\Calculator.Test.csproj", "{C3570153-5F3F-4877-807A-6721B4260F75}"
EndProject
Global
	GlobalSection(SolutionConfigurationPlatforms) = preSolution
		Debug|Any CPU = Debug|Any CPU
		Release|Any CPU = Release|Any CPU
	EndGlobalSection
	GlobalSection(ProjectConfigurationPlatforms) = postSolution
		{A72A7E94-47D3-42AF-B1E0-1223E717F45B}.Debug|Any CPU.ActiveCfg = Debug|Any CPU
		{A72A7E94-47D3-42AF-B1E0-1223E717F45B}.Debug|Any CPU.Build.0 = Debug|Any CPU
		{A72A7E94-47D3-42AF-B1E0-1223E717F45B}.Release|Any CPU.ActiveCfg = Release|Any CPU
		{A72A7E94-47D3-42AF-B1E0-1223E717F45B}.Release|Any CPU.Build.0 = Release|Any CPU
		{C3570153-5F3F-4877-807A-6721B4260F75}.Debug|Any CPU.ActiveCfg = Debug|Any CPU
		{C3570153-5F3F-4877-807A-6721B4260F75}.Debug|Any CPU.Build.0 = Debug|Any CPU
		{C3570153-5F3F-4877-807A-6721B4260F75}.Release|Any CPU.ActiveCfg = Release|Any CPU
		{C3570153-5F3F-4877-807A-6721B4260F75}.Release|Any CPU.Build.0 = Release|Any CPU
	EndGlobalSection
	GlobalSection(SolutionProperties) = preSolution
		HideSolutionNode = FALSE
	EndGlobalSection
	GlobalSection(ExtensibilityGlobals) = postSolution
		SolutionGuid = {5BBA5AD7-7F3F-4CFB-9AD7-720C1DB5D2B9}
	EndGlobalSection
EndGlobal
